// !$*UTF8*$!
{
	archiveVersion = 1;
	classes = {
	};
	objectVersion = 46;
	objects = {

/* Begin PBXBuildFile section */
		BF0A208D15F39A1E00156E83 /* README.md in Resources */ = {isa = PBXBuildFile; fileRef = BF0A208C15F39A1E00156E83 /* README.md */; };
		BF0A208F15F3AF7B00156E83 /* icon.icns in Resources */ = {isa = PBXBuildFile; fileRef = BF0A208E15F3AF7A00156E83 /* icon.icns */; };
		BF0A209B15F3B5A000156E83 /* Credits.rtfd in Resources */ = {isa = PBXBuildFile; fileRef = BF0A209915F3B5A000156E83 /* Credits.rtfd */; };
		BF0E77C815F3899C00234ABB /* VGLoginStart.m in Sources */ = {isa = PBXBuildFile; fileRef = BF0E77C715F3899C00234ABB /* VGLoginStart.m */; };
		BF1B774D15F3BE8600906C67 /* VGHelpPopoverViewController.m in Sources */ = {isa = PBXBuildFile; fileRef = BF1B774B15F3BE8600906C67 /* VGHelpPopoverViewController.m */; };
		BF1B774E15F3BE8600906C67 /* VGHelpPopoverViewController.xib in Resources */ = {isa = PBXBuildFile; fileRef = BF1B774C15F3BE8600906C67 /* VGHelpPopoverViewController.xib */; };
		BF1B775115F3BEDF00906C67 /* APIHelp.rtf in Resources */ = {isa = PBXBuildFile; fileRef = BF1B774F15F3BEDF00906C67 /* APIHelp.rtf */; };
		BF1B775315F3C24E00906C67 /* MainMenu.xib in Resources */ = {isa = PBXBuildFile; fileRef = BF1B775215F3C24E00906C67 /* MainMenu.xib */; };
		BF1B776415F3CD3B00906C67 /* about_icon.png in Resources */ = {isa = PBXBuildFile; fileRef = BF1B776015F3CD3B00906C67 /* about_icon.png */; };
		BF1B776515F3CD3B00906C67 /* about_icon@2x.png in Resources */ = {isa = PBXBuildFile; fileRef = BF1B776115F3CD3B00906C67 /* about_icon@2x.png */; };
		BF1B776615F3CD3B00906C67 /* menu_bar_icon.png in Resources */ = {isa = PBXBuildFile; fileRef = BF1B776215F3CD3B00906C67 /* menu_bar_icon.png */; };
		BF1B776715F3CD3B00906C67 /* menu_bar_icon@2x.png in Resources */ = {isa = PBXBuildFile; fileRef = BF1B776315F3CD3B00906C67 /* menu_bar_icon@2x.png */; };
		BF3A2A0615E24209007EE82C /* VGSkillDetailViewController.m in Sources */ = {isa = PBXBuildFile; fileRef = BF3A2A0415E24209007EE82C /* VGSkillDetailViewController.m */; };
		BF3A2A0715E24209007EE82C /* VGSkillDetailViewController.xib in Resources */ = {isa = PBXBuildFile; fileRef = BF3A2A0515E24209007EE82C /* VGSkillDetailViewController.xib */; };
		BF3A2A0A15E25AAC007EE82C /* QueueElement.m in Sources */ = {isa = PBXBuildFile; fileRef = BF3A2A0915E25AAC007EE82C /* QueueElement.m */; };
		BF3A2A0D15E25AAD007EE82C /* Queue.m in Sources */ = {isa = PBXBuildFile; fileRef = BF3A2A0C15E25AAD007EE82C /* Queue.m */; };
		BF3A2A1715E26DC8007EE82C /* VGCharacterTableCellView.m in Sources */ = {isa = PBXBuildFile; fileRef = BF3A2A1615E26DC8007EE82C /* VGCharacterTableCellView.m */; };
		BF3A2A1A15E28A53007EE82C /* VGUserNotificationController.m in Sources */ = {isa = PBXBuildFile; fileRef = BF3A2A1915E28A53007EE82C /* VGUserNotificationController.m */; };
		BF4A829A15DBF742003AD68C /* VGSkillQueueViewController.m in Sources */ = {isa = PBXBuildFile; fileRef = BF4A829815DBF742003AD68C /* VGSkillQueueViewController.m */; };
		BF4A829B15DBF742003AD68C /* VGSkillQueueViewController.xib in Resources */ = {isa = PBXBuildFile; fileRef = BF4A829915DBF742003AD68C /* VGSkillQueueViewController.xib */; };
		BF590E8C15DAAFC70036E10A /* VGSkillTree.m in Sources */ = {isa = PBXBuildFile; fileRef = BF590E8B15DAAFC40036E10A /* VGSkillTree.m */; };
		BF62B5CE15CB274D00190CF6 /* Cocoa.framework in Frameworks */ = {isa = PBXBuildFile; fileRef = BF62B5CD15CB274D00190CF6 /* Cocoa.framework */; };
		BF62B5D815CB274D00190CF6 /* InfoPlist.strings in Resources */ = {isa = PBXBuildFile; fileRef = BF62B5D615CB274D00190CF6 /* InfoPlist.strings */; };
		BF62B5DA15CB274D00190CF6 /* main.m in Sources */ = {isa = PBXBuildFile; fileRef = BF62B5D915CB274D00190CF6 /* main.m */; };
		BF62B5E115CB274D00190CF6 /* VGAppDelegate.m in Sources */ = {isa = PBXBuildFile; fileRef = BF62B5E015CB274D00190CF6 /* VGAppDelegate.m */; };
		BF6DAF4215F1F8AC0044C6E8 /* Localizable.strings in Resources */ = {isa = PBXBuildFile; fileRef = BF6DAF4115F1F8AC0044C6E8 /* Localizable.strings */; };
		BF6DAF4C15F253430044C6E8 /* NSString+VGEVE.m in Sources */ = {isa = PBXBuildFile; fileRef = BF6DAF4B15F253420044C6E8 /* NSString+VGEVE.m */; };
		BF9A5D8115F46EC4001EA5D5 /* VGPreferencesWindowController.m in Sources */ = {isa = PBXBuildFile; fileRef = BF9A5D7F15F46EC3001EA5D5 /* VGPreferencesWindowController.m */; };
		BF9A5D8215F46EC4001EA5D5 /* VGPreferencesWindowController.xib in Resources */ = {isa = PBXBuildFile; fileRef = BF9A5D8015F46EC3001EA5D5 /* VGPreferencesWindowController.xib */; };
		BFADFD3915DD2F4F005D082D /* Queue+VGEVE.m in Sources */ = {isa = PBXBuildFile; fileRef = BFADFD3815DD2F4F005D082D /* Queue+VGEVE.m */; };
		BFADFD3C15DD2FCF005D082D /* QueueElement+VGEVE.m in Sources */ = {isa = PBXBuildFile; fileRef = BFADFD3B15DD2FCF005D082D /* QueueElement+VGEVE.m */; };
		BFADFD3F15DD3AF3005D082D /* VGSkillQueueQuery.m in Sources */ = {isa = PBXBuildFile; fileRef = BFADFD3E15DD3AF3005D082D /* VGSkillQueueQuery.m */; };
		BFADFD4515DD5801005D082D /* VGCharacterSkillQueueCellView.m in Sources */ = {isa = PBXBuildFile; fileRef = BFADFD4415DD5801005D082D /* VGCharacterSkillQueueCellView.m */; };
		BFB2A03F15F391D500AB6A06 /* ServiceManagement.framework in Frameworks */ = {isa = PBXBuildFile; fileRef = BFB2A03E15F391D500AB6A06 /* ServiceManagement.framework */; };
		BFB6E37615E3BC52004A9EE4 /* VGManagerTableCellView.m in Sources */ = {isa = PBXBuildFile; fileRef = BFB6E37515E3BC52004A9EE4 /* VGManagerTableCellView.m */; };
		BFC6D2D815E4D1B2008676BE /* skillStore.sqlite in Resources */ = {isa = PBXBuildFile; fileRef = BFC6D2D715E4D1B2008676BE /* skillStore.sqlite */; };
		BFC6D2DB15E4E362008676BE /* Corporation.m in Sources */ = {isa = PBXBuildFile; fileRef = BFC6D2DA15E4E362008676BE /* Corporation.m */; };
		BFC6D2DE15E4E363008676BE /* Character.m in Sources */ = {isa = PBXBuildFile; fileRef = BFC6D2DD15E4E363008676BE /* Character.m */; };
		BFC6D2E115E4EB75008676BE /* VGCharacterInfoQuery.m in Sources */ = {isa = PBXBuildFile; fileRef = BFC6D2E015E4EB75008676BE /* VGCharacterInfoQuery.m */; };
		BFDD80BE15CC728000116A65 /* CoreDataController.m in Sources */ = {isa = PBXBuildFile; fileRef = BFDD80B815CC728000116A65 /* CoreDataController.m */; };
		BFDD80BF15CC728000116A65 /* DataModel.xcdatamodel in Sources */ = {isa = PBXBuildFile; fileRef = BFDD80B915CC728000116A65 /* DataModel.xcdatamodel */; };
		BFDD80C015CC728000116A65 /* Group.m in Sources */ = {isa = PBXBuildFile; fileRef = BFDD80BB15CC728000116A65 /* Group.m */; };
		BFDD80C115CC728000116A65 /* Skill.m in Sources */ = {isa = PBXBuildFile; fileRef = BFDD80BD15CC728000116A65 /* Skill.m */; };
		BFDD80D415CC76BA00116A65 /* VGManagerWindowController.m in Sources */ = {isa = PBXBuildFile; fileRef = BFDD80D215CC76BA00116A65 /* VGManagerWindowController.m */; };
		BFDD80D515CC76BA00116A65 /* VGManagerWindowController.xib in Resources */ = {isa = PBXBuildFile; fileRef = BFDD80D315CC76BA00116A65 /* VGManagerWindowController.xib */; };
		BFDD80D815CC804500116A65 /* VGAPICall.m in Sources */ = {isa = PBXBuildFile; fileRef = BFDD80D715CC804500116A65 /* VGAPICall.m */; };
		BFDD80DB15CC839500116A65 /* VGAPIController.m in Sources */ = {isa = PBXBuildFile; fileRef = BFDD80DA15CC839500116A65 /* VGAPIController.m */; };
		BFDD80E015CC909A00116A65 /* VGKeyInfoQuery.m in Sources */ = {isa = PBXBuildFile; fileRef = BFDD80DF15CC909A00116A65 /* VGKeyInfoQuery.m */; };
		BFDD80FB15CC929400116A65 /* API.m in Sources */ = {isa = PBXBuildFile; fileRef = BFDD80F615CC929400116A65 /* API.m */; };
/* End PBXBuildFile section */

/* Begin PBXFileReference section */
		BF0A208C15F39A1E00156E83 /* README.md */ = {isa = PBXFileReference; fileEncoding = 4; lastKnownFileType = text; path = README.md; sourceTree = "<group>"; };
		BF0A208E15F3AF7A00156E83 /* icon.icns */ = {isa = PBXFileReference; lastKnownFileType = image.icns; name = icon.icns; path = ../icon.icns; sourceTree = "<group>"; };
		BF0A209A15F3B5A000156E83 /* en */ = {isa = PBXFileReference; lastKnownFileType = wrapper.rtfd; name = en; path = en.lproj/Credits.rtfd; sourceTree = "<group>"; };
		BF0E77C615F3899C00234ABB /* VGLoginStart.h */ = {isa = PBXFileReference; fileEncoding = 4; lastKnownFileType = sourcecode.c.h; path = VGLoginStart.h; sourceTree = "<group>"; };
		BF0E77C715F3899C00234ABB /* VGLoginStart.m */ = {isa = PBXFileReference; fileEncoding = 4; lastKnownFileType = sourcecode.c.objc; path = VGLoginStart.m; sourceTree = "<group>"; };
		BF1B774A15F3BE8600906C67 /* VGHelpPopoverViewController.h */ = {isa = PBXFileReference; fileEncoding = 4; lastKnownFileType = sourcecode.c.h; path = VGHelpPopoverViewController.h; sourceTree = "<group>"; };
		BF1B774B15F3BE8600906C67 /* VGHelpPopoverViewController.m */ = {isa = PBXFileReference; fileEncoding = 4; lastKnownFileType = sourcecode.c.objc; path = VGHelpPopoverViewController.m; sourceTree = "<group>"; };
		BF1B774C15F3BE8600906C67 /* VGHelpPopoverViewController.xib */ = {isa = PBXFileReference; fileEncoding = 4; lastKnownFileType = file.xib; path = VGHelpPopoverViewController.xib; sourceTree = "<group>"; };
		BF1B775015F3BEDF00906C67 /* en */ = {isa = PBXFileReference; lastKnownFileType = text.rtf; name = en; path = en.lproj/APIHelp.rtf; sourceTree = "<group>"; };
		BF1B775215F3C24E00906C67 /* MainMenu.xib */ = {isa = PBXFileReference; fileEncoding = 4; lastKnownFileType = file.xib; path = MainMenu.xib; sourceTree = "<group>"; };
		BF1B776015F3CD3B00906C67 /* about_icon.png */ = {isa = PBXFileReference; lastKnownFileType = image.png; name = about_icon.png; path = icon/about_icon.png; sourceTree = SOURCE_ROOT; };
		BF1B776115F3CD3B00906C67 /* about_icon@2x.png */ = {isa = PBXFileReference; lastKnownFileType = image.png; name = "about_icon@2x.png"; path = "icon/about_icon@2x.png"; sourceTree = SOURCE_ROOT; };
		BF1B776215F3CD3B00906C67 /* menu_bar_icon.png */ = {isa = PBXFileReference; lastKnownFileType = image.png; name = menu_bar_icon.png; path = icon/menu_bar_icon.png; sourceTree = SOURCE_ROOT; };
		BF1B776315F3CD3B00906C67 /* menu_bar_icon@2x.png */ = {isa = PBXFileReference; lastKnownFileType = image.png; name = "menu_bar_icon@2x.png"; path = "icon/menu_bar_icon@2x.png"; sourceTree = SOURCE_ROOT; };
		BF3A2A0315E24209007EE82C /* VGSkillDetailViewController.h */ = {isa = PBXFileReference; fileEncoding = 4; lastKnownFileType = sourcecode.c.h; path = VGSkillDetailViewController.h; sourceTree = "<group>"; };
		BF3A2A0415E24209007EE82C /* VGSkillDetailViewController.m */ = {isa = PBXFileReference; fileEncoding = 4; lastKnownFileType = sourcecode.c.objc; path = VGSkillDetailViewController.m; sourceTree = "<group>"; };
		BF3A2A0515E24209007EE82C /* VGSkillDetailViewController.xib */ = {isa = PBXFileReference; fileEncoding = 4; lastKnownFileType = file.xib; path = VGSkillDetailViewController.xib; sourceTree = "<group>"; };
		BF3A2A0815E25AAC007EE82C /* QueueElement.h */ = {isa = PBXFileReference; fileEncoding = 4; lastKnownFileType = sourcecode.c.h; path = QueueElement.h; sourceTree = "<group>"; };
		BF3A2A0915E25AAC007EE82C /* QueueElement.m */ = {isa = PBXFileReference; fileEncoding = 4; lastKnownFileType = sourcecode.c.objc; path = QueueElement.m; sourceTree = "<group>"; };
		BF3A2A0B15E25AAD007EE82C /* Queue.h */ = {isa = PBXFileReference; fileEncoding = 4; lastKnownFileType = sourcecode.c.h; path = Queue.h; sourceTree = "<group>"; };
		BF3A2A0C15E25AAD007EE82C /* Queue.m */ = {isa = PBXFileReference; fileEncoding = 4; lastKnownFileType = sourcecode.c.objc; path = Queue.m; sourceTree = "<group>"; };
		BF3A2A1515E26DC8007EE82C /* VGCharacterTableCellView.h */ = {isa = PBXFileReference; fileEncoding = 4; lastKnownFileType = sourcecode.c.h; path = VGCharacterTableCellView.h; sourceTree = "<group>"; };
		BF3A2A1615E26DC8007EE82C /* VGCharacterTableCellView.m */ = {isa = PBXFileReference; fileEncoding = 4; lastKnownFileType = sourcecode.c.objc; path = VGCharacterTableCellView.m; sourceTree = "<group>"; };
		BF3A2A1815E28A52007EE82C /* VGUserNotificationController.h */ = {isa = PBXFileReference; fileEncoding = 4; lastKnownFileType = sourcecode.c.h; path = VGUserNotificationController.h; sourceTree = "<group>"; };
		BF3A2A1915E28A53007EE82C /* VGUserNotificationController.m */ = {isa = PBXFileReference; fileEncoding = 4; lastKnownFileType = sourcecode.c.objc; path = VGUserNotificationController.m; sourceTree = "<group>"; };
		BF4A829515DBEC69003AD68C /* VGAppNotifications.h */ = {isa = PBXFileReference; lastKnownFileType = sourcecode.c.h; path = VGAppNotifications.h; sourceTree = "<group>"; };
		BF4A829715DBF742003AD68C /* VGSkillQueueViewController.h */ = {isa = PBXFileReference; fileEncoding = 4; lastKnownFileType = sourcecode.c.h; path = VGSkillQueueViewController.h; sourceTree = "<group>"; };
		BF4A829815DBF742003AD68C /* VGSkillQueueViewController.m */ = {isa = PBXFileReference; fileEncoding = 4; lastKnownFileType = sourcecode.c.objc; path = VGSkillQueueViewController.m; sourceTree = "<group>"; };
		BF4A829915DBF742003AD68C /* VGSkillQueueViewController.xib */ = {isa = PBXFileReference; fileEncoding = 4; lastKnownFileType = file.xib; path = VGSkillQueueViewController.xib; sourceTree = "<group>"; };
		BF590E8715DAA9470036E10A /* Portrait.h */ = {isa = PBXFileReference; fileEncoding = 4; lastKnownFileType = sourcecode.c.h; path = Portrait.h; sourceTree = "<group>"; };
		BF590E8815DAA9470036E10A /* Portrait.m */ = {isa = PBXFileReference; fileEncoding = 4; lastKnownFileType = sourcecode.c.objc; path = Portrait.m; sourceTree = "<group>"; };
		BF590E8A15DAAFC40036E10A /* VGSkillTree.h */ = {isa = PBXFileReference; lastKnownFileType = sourcecode.c.h; path = VGSkillTree.h; sourceTree = "<group>"; };
		BF590E8B15DAAFC40036E10A /* VGSkillTree.m */ = {isa = PBXFileReference; lastKnownFileType = sourcecode.c.objc; path = VGSkillTree.m; sourceTree = "<group>"; };
		BF62B5C915CB274D00190CF6 /* EVE Skills.app */ = {isa = PBXFileReference; explicitFileType = wrapper.application; includeInIndex = 0; path = "EVE Skills.app"; sourceTree = BUILT_PRODUCTS_DIR; };
		BF62B5CD15CB274D00190CF6 /* Cocoa.framework */ = {isa = PBXFileReference; lastKnownFileType = wrapper.framework; name = Cocoa.framework; path = System/Library/Frameworks/Cocoa.framework; sourceTree = SDKROOT; };
		BF62B5D015CB274D00190CF6 /* AppKit.framework */ = {isa = PBXFileReference; lastKnownFileType = wrapper.framework; name = AppKit.framework; path = System/Library/Frameworks/AppKit.framework; sourceTree = SDKROOT; };
		BF62B5D115CB274D00190CF6 /* CoreData.framework */ = {isa = PBXFileReference; lastKnownFileType = wrapper.framework; name = CoreData.framework; path = System/Library/Frameworks/CoreData.framework; sourceTree = SDKROOT; };
		BF62B5D215CB274D00190CF6 /* Foundation.framework */ = {isa = PBXFileReference; lastKnownFileType = wrapper.framework; name = Foundation.framework; path = System/Library/Frameworks/Foundation.framework; sourceTree = SDKROOT; };
		BF62B5D515CB274D00190CF6 /* EVE Skills-Info.plist */ = {isa = PBXFileReference; lastKnownFileType = text.plist.xml; path = "EVE Skills-Info.plist"; sourceTree = "<group>"; };
		BF62B5D715CB274D00190CF6 /* en */ = {isa = PBXFileReference; lastKnownFileType = text.plist.strings; name = en; path = en.lproj/InfoPlist.strings; sourceTree = "<group>"; };
		BF62B5D915CB274D00190CF6 /* main.m */ = {isa = PBXFileReference; lastKnownFileType = sourcecode.c.objc; path = main.m; sourceTree = "<group>"; };
		BF62B5DB15CB274D00190CF6 /* EVE Skills-Prefix.pch */ = {isa = PBXFileReference; lastKnownFileType = sourcecode.c.h; path = "EVE Skills-Prefix.pch"; sourceTree = "<group>"; };
		BF62B5DF15CB274D00190CF6 /* VGAppDelegate.h */ = {isa = PBXFileReference; lastKnownFileType = sourcecode.c.h; path = VGAppDelegate.h; sourceTree = "<group>"; };
		BF62B5E015CB274D00190CF6 /* VGAppDelegate.m */ = {isa = PBXFileReference; lastKnownFileType = sourcecode.c.objc; path = VGAppDelegate.m; sourceTree = "<group>"; };
		BF6DAF4115F1F8AC0044C6E8 /* Localizable.strings */ = {isa = PBXFileReference; fileEncoding = 4; lastKnownFileType = text.plist.strings; path = Localizable.strings; sourceTree = "<group>"; };
		BF6DAF4A15F253420044C6E8 /* NSString+VGEVE.h */ = {isa = PBXFileReference; fileEncoding = 4; lastKnownFileType = sourcecode.c.h; path = "NSString+VGEVE.h"; sourceTree = "<group>"; };
		BF6DAF4B15F253420044C6E8 /* NSString+VGEVE.m */ = {isa = PBXFileReference; fileEncoding = 4; lastKnownFileType = sourcecode.c.objc; path = "NSString+VGEVE.m"; sourceTree = "<group>"; };
		BF9A5D7D15F40B73001EA5D5 /* EVE Skills.entitlements */ = {isa = PBXFileReference; lastKnownFileType = text.xml; path = "EVE Skills.entitlements"; sourceTree = "<group>"; };
		BF9A5D7E15F46EC3001EA5D5 /* VGPreferencesWindowController.h */ = {isa = PBXFileReference; fileEncoding = 4; lastKnownFileType = sourcecode.c.h; path = VGPreferencesWindowController.h; sourceTree = "<group>"; };
		BF9A5D7F15F46EC3001EA5D5 /* VGPreferencesWindowController.m */ = {isa = PBXFileReference; fileEncoding = 4; lastKnownFileType = sourcecode.c.objc; path = VGPreferencesWindowController.m; sourceTree = "<group>"; };
		BF9A5D8015F46EC3001EA5D5 /* VGPreferencesWindowController.xib */ = {isa = PBXFileReference; fileEncoding = 4; lastKnownFileType = file.xib; path = VGPreferencesWindowController.xib; sourceTree = "<group>"; };
		BFADFD3715DD2F4F005D082D /* Queue+VGEVE.h */ = {isa = PBXFileReference; fileEncoding = 4; lastKnownFileType = sourcecode.c.h; path = "Queue+VGEVE.h"; sourceTree = "<group>"; };
		BFADFD3815DD2F4F005D082D /* Queue+VGEVE.m */ = {isa = PBXFileReference; fileEncoding = 4; lastKnownFileType = sourcecode.c.objc; path = "Queue+VGEVE.m"; sourceTree = "<group>"; };
		BFADFD3A15DD2FCF005D082D /* QueueElement+VGEVE.h */ = {isa = PBXFileReference; fileEncoding = 4; lastKnownFileType = sourcecode.c.h; path = "QueueElement+VGEVE.h"; sourceTree = "<group>"; };
		BFADFD3B15DD2FCF005D082D /* QueueElement+VGEVE.m */ = {isa = PBXFileReference; fileEncoding = 4; lastKnownFileType = sourcecode.c.objc; path = "QueueElement+VGEVE.m"; sourceTree = "<group>"; };
		BFADFD3D15DD3AF3005D082D /* VGSkillQueueQuery.h */ = {isa = PBXFileReference; fileEncoding = 4; lastKnownFileType = sourcecode.c.h; path = VGSkillQueueQuery.h; sourceTree = "<group>"; };
		BFADFD3E15DD3AF3005D082D /* VGSkillQueueQuery.m */ = {isa = PBXFileReference; fileEncoding = 4; lastKnownFileType = sourcecode.c.objc; path = VGSkillQueueQuery.m; sourceTree = "<group>"; };
		BFADFD4315DD5801005D082D /* VGCharacterSkillQueueCellView.h */ = {isa = PBXFileReference; fileEncoding = 4; lastKnownFileType = sourcecode.c.h; path = VGCharacterSkillQueueCellView.h; sourceTree = "<group>"; };
		BFADFD4415DD5801005D082D /* VGCharacterSkillQueueCellView.m */ = {isa = PBXFileReference; fileEncoding = 4; lastKnownFileType = sourcecode.c.objc; path = VGCharacterSkillQueueCellView.m; sourceTree = "<group>"; };
		BFB2A03E15F391D500AB6A06 /* ServiceManagement.framework */ = {isa = PBXFileReference; lastKnownFileType = wrapper.framework; name = ServiceManagement.framework; path = System/Library/Frameworks/ServiceManagement.framework; sourceTree = SDKROOT; };
		BFB6E37415E3BC52004A9EE4 /* VGManagerTableCellView.h */ = {isa = PBXFileReference; fileEncoding = 4; lastKnownFileType = sourcecode.c.h; path = VGManagerTableCellView.h; sourceTree = "<group>"; };
		BFB6E37515E3BC52004A9EE4 /* VGManagerTableCellView.m */ = {isa = PBXFileReference; fileEncoding = 4; lastKnownFileType = sourcecode.c.objc; path = VGManagerTableCellView.m; sourceTree = "<group>"; };
		BFC6D2D715E4D1B2008676BE /* skillStore.sqlite */ = {isa = PBXFileReference; lastKnownFileType = file; path = skillStore.sqlite; sourceTree = "<group>"; };
		BFC6D2D915E4E362008676BE /* Corporation.h */ = {isa = PBXFileReference; fileEncoding = 4; lastKnownFileType = sourcecode.c.h; path = Corporation.h; sourceTree = "<group>"; };
		BFC6D2DA15E4E362008676BE /* Corporation.m */ = {isa = PBXFileReference; fileEncoding = 4; lastKnownFileType = sourcecode.c.objc; path = Corporation.m; sourceTree = "<group>"; };
		BFC6D2DC15E4E363008676BE /* Character.h */ = {isa = PBXFileReference; fileEncoding = 4; lastKnownFileType = sourcecode.c.h; path = Character.h; sourceTree = "<group>"; };
		BFC6D2DD15E4E363008676BE /* Character.m */ = {isa = PBXFileReference; fileEncoding = 4; lastKnownFileType = sourcecode.c.objc; path = Character.m; sourceTree = "<group>"; };
		BFC6D2DF15E4EB74008676BE /* VGCharacterInfoQuery.h */ = {isa = PBXFileReference; fileEncoding = 4; lastKnownFileType = sourcecode.c.h; path = VGCharacterInfoQuery.h; sourceTree = "<group>"; };
		BFC6D2E015E4EB75008676BE /* VGCharacterInfoQuery.m */ = {isa = PBXFileReference; fileEncoding = 4; lastKnownFileType = sourcecode.c.objc; path = VGCharacterInfoQuery.m; sourceTree = "<group>"; };
		BFDD80B715CC728000116A65 /* CoreDataController.h */ = {isa = PBXFileReference; fileEncoding = 4; lastKnownFileType = sourcecode.c.h; name = CoreDataController.h; path = Shared/CoreDataController.h; sourceTree = "<group>"; };
		BFDD80B815CC728000116A65 /* CoreDataController.m */ = {isa = PBXFileReference; fileEncoding = 4; lastKnownFileType = sourcecode.c.objc; name = CoreDataController.m; path = Shared/CoreDataController.m; sourceTree = "<group>"; };
		BFDD80B915CC728000116A65 /* DataModel.xcdatamodel */ = {isa = PBXFileReference; lastKnownFileType = wrapper.xcdatamodel; path = DataModel.xcdatamodel; sourceTree = "<group>"; };
		BFDD80BA15CC728000116A65 /* Group.h */ = {isa = PBXFileReference; fileEncoding = 4; lastKnownFileType = sourcecode.c.h; path = Group.h; sourceTree = "<group>"; };
		BFDD80BB15CC728000116A65 /* Group.m */ = {isa = PBXFileReference; fileEncoding = 4; lastKnownFileType = sourcecode.c.objc; path = Group.m; sourceTree = "<group>"; };
		BFDD80BC15CC728000116A65 /* Skill.h */ = {isa = PBXFileReference; fileEncoding = 4; lastKnownFileType = sourcecode.c.h; path = Skill.h; sourceTree = "<group>"; };
		BFDD80BD15CC728000116A65 /* Skill.m */ = {isa = PBXFileReference; fileEncoding = 4; lastKnownFileType = sourcecode.c.objc; path = Skill.m; sourceTree = "<group>"; };
		BFDD80D115CC76BA00116A65 /* VGManagerWindowController.h */ = {isa = PBXFileReference; fileEncoding = 4; lastKnownFileType = sourcecode.c.h; path = VGManagerWindowController.h; sourceTree = "<group>"; };
		BFDD80D215CC76BA00116A65 /* VGManagerWindowController.m */ = {isa = PBXFileReference; fileEncoding = 4; lastKnownFileType = sourcecode.c.objc; path = VGManagerWindowController.m; sourceTree = "<group>"; };
		BFDD80D315CC76BA00116A65 /* VGManagerWindowController.xib */ = {isa = PBXFileReference; fileEncoding = 4; lastKnownFileType = file.xib; path = VGManagerWindowController.xib; sourceTree = "<group>"; };
		BFDD80D615CC804500116A65 /* VGAPICall.h */ = {isa = PBXFileReference; fileEncoding = 4; lastKnownFileType = sourcecode.c.h; path = VGAPICall.h; sourceTree = "<group>"; };
		BFDD80D715CC804500116A65 /* VGAPICall.m */ = {isa = PBXFileReference; fileEncoding = 4; lastKnownFileType = sourcecode.c.objc; path = VGAPICall.m; sourceTree = "<group>"; };
		BFDD80D915CC839500116A65 /* VGAPIController.h */ = {isa = PBXFileReference; fileEncoding = 4; lastKnownFileType = sourcecode.c.h; name = VGAPIController.h; path = Shared/VGAPIController.h; sourceTree = "<group>"; };
		BFDD80DA15CC839500116A65 /* VGAPIController.m */ = {isa = PBXFileReference; fileEncoding = 4; lastKnownFileType = sourcecode.c.objc; name = VGAPIController.m; path = Shared/VGAPIController.m; sourceTree = "<group>"; };
		BFDD80DE15CC909A00116A65 /* VGKeyInfoQuery.h */ = {isa = PBXFileReference; fileEncoding = 4; lastKnownFileType = sourcecode.c.h; path = VGKeyInfoQuery.h; sourceTree = "<group>"; };
		BFDD80DF15CC909A00116A65 /* VGKeyInfoQuery.m */ = {isa = PBXFileReference; fileEncoding = 4; lastKnownFileType = sourcecode.c.objc; path = VGKeyInfoQuery.m; sourceTree = "<group>"; };
		BFDD80F515CC929400116A65 /* API.h */ = {isa = PBXFileReference; fileEncoding = 4; lastKnownFileType = sourcecode.c.h; path = API.h; sourceTree = "<group>"; };
		BFDD80F615CC929400116A65 /* API.m */ = {isa = PBXFileReference; fileEncoding = 4; lastKnownFileType = sourcecode.c.objc; path = API.m; sourceTree = "<group>"; };
/* End PBXFileReference section */

/* Begin PBXFrameworksBuildPhase section */
		BF62B5C615CB274D00190CF6 /* Frameworks */ = {
			isa = PBXFrameworksBuildPhase;
			buildActionMask = 2147483647;
			files = (
				BFB2A03F15F391D500AB6A06 /* ServiceManagement.framework in Frameworks */,
				BF62B5CE15CB274D00190CF6 /* Cocoa.framework in Frameworks */,
			);
			runOnlyForDeploymentPostprocessing = 0;
		};
/* End PBXFrameworksBuildPhase section */

/* Begin PBXGroup section */
		BF0A208815F395DA00156E83 /* Controllers */ = {
			isa = PBXGroup;
			children = (
				BFDD80D915CC839500116A65 /* VGAPIController.h */,
				BFDD80DA15CC839500116A65 /* VGAPIController.m */,
				BFDD80B715CC728000116A65 /* CoreDataController.h */,
				BFDD80B815CC728000116A65 /* CoreDataController.m */,
				BF3A2A1815E28A52007EE82C /* VGUserNotificationController.h */,
				BF3A2A1915E28A53007EE82C /* VGUserNotificationController.m */,
			);
			name = Controllers;
			sourceTree = "<group>";
		};
		BF0A208915F3961700156E83 /* Start at login */ = {
			isa = PBXGroup;
			children = (
				BF0E77C615F3899C00234ABB /* VGLoginStart.h */,
				BF0E77C715F3899C00234ABB /* VGLoginStart.m */,
			);
			name = "Start at login";
			sourceTree = "<group>";
		};
		BF0A208A15F3963500156E83 /* Window */ = {
			isa = PBXGroup;
			children = (
				BFDD80D115CC76BA00116A65 /* VGManagerWindowController.h */,
				BFDD80D215CC76BA00116A65 /* VGManagerWindowController.m */,
				BFDD80D315CC76BA00116A65 /* VGManagerWindowController.xib */,
				BF9A5D7E15F46EC3001EA5D5 /* VGPreferencesWindowController.h */,
				BF9A5D7F15F46EC3001EA5D5 /* VGPreferencesWindowController.m */,
				BF9A5D8015F46EC3001EA5D5 /* VGPreferencesWindowController.xib */,
			);
			name = Window;
			sourceTree = "<group>";
		};
		BF0A208B15F3966600156E83 /* Managed objects */ = {
			isa = PBXGroup;
			children = (
				BFC6D2DC15E4E363008676BE /* Character.h */,
				BFC6D2DD15E4E363008676BE /* Character.m */,
				BFC6D2D915E4E362008676BE /* Corporation.h */,
				BFC6D2DA15E4E362008676BE /* Corporation.m */,
				BF3A2A0B15E25AAD007EE82C /* Queue.h */,
				BF3A2A0C15E25AAD007EE82C /* Queue.m */,
				BF3A2A0815E25AAC007EE82C /* QueueElement.h */,
				BF3A2A0915E25AAC007EE82C /* QueueElement.m */,
				BFADFD3715DD2F4F005D082D /* Queue+VGEVE.h */,
				BFADFD3815DD2F4F005D082D /* Queue+VGEVE.m */,
				BFADFD3A15DD2FCF005D082D /* QueueElement+VGEVE.h */,
				BFADFD3B15DD2FCF005D082D /* QueueElement+VGEVE.m */,
				BFDD80F515CC929400116A65 /* API.h */,
				BFDD80F615CC929400116A65 /* API.m */,
				BF590E8715DAA9470036E10A /* Portrait.h */,
				BF590E8815DAA9470036E10A /* Portrait.m */,
				BFDD80BA15CC728000116A65 /* Group.h */,
				BFDD80BB15CC728000116A65 /* Group.m */,
				BFDD80BC15CC728000116A65 /* Skill.h */,
				BFDD80BD15CC728000116A65 /* Skill.m */,
			);
			name = "Managed objects";
			sourceTree = "<group>";
		};
		BF590EA315DB97360036E10A /* View Controllers */ = {
			isa = PBXGroup;
			children = (
				BF4A829715DBF742003AD68C /* VGSkillQueueViewController.h */,
				BF4A829815DBF742003AD68C /* VGSkillQueueViewController.m */,
				BF4A829915DBF742003AD68C /* VGSkillQueueViewController.xib */,
				BF3A2A0315E24209007EE82C /* VGSkillDetailViewController.h */,
				BF3A2A0415E24209007EE82C /* VGSkillDetailViewController.m */,
				BF3A2A0515E24209007EE82C /* VGSkillDetailViewController.xib */,
				BF1B774A15F3BE8600906C67 /* VGHelpPopoverViewController.h */,
				BF1B774B15F3BE8600906C67 /* VGHelpPopoverViewController.m */,
				BF1B774C15F3BE8600906C67 /* VGHelpPopoverViewController.xib */,
			);
			name = "View Controllers";
			sourceTree = "<group>";
		};
		BF590EA715DBA4310036E10A /* Local DB */ = {
			isa = PBXGroup;
			children = (
				BF590E8A15DAAFC40036E10A /* VGSkillTree.h */,
				BF590E8B15DAAFC40036E10A /* VGSkillTree.m */,
			);
			name = "Local DB";
			sourceTree = "<group>";
		};
		BF62B5BE15CB274D00190CF6 = {
			isa = PBXGroup;
			children = (
				BF0A208C15F39A1E00156E83 /* README.md */,
				BF62B5D315CB274D00190CF6 /* EVE Skills */,
				BF62B5CC15CB274D00190CF6 /* Frameworks */,
				BF62B5CA15CB274D00190CF6 /* Products */,
			);
			sourceTree = "<group>";
		};
		BF62B5CA15CB274D00190CF6 /* Products */ = {
			isa = PBXGroup;
			children = (
				BF62B5C915CB274D00190CF6 /* EVE Skills.app */,
			);
			name = Products;
			sourceTree = "<group>";
		};
		BF62B5CC15CB274D00190CF6 /* Frameworks */ = {
			isa = PBXGroup;
			children = (
				BFB2A03E15F391D500AB6A06 /* ServiceManagement.framework */,
				BF62B5CD15CB274D00190CF6 /* Cocoa.framework */,
				BF62B5CF15CB274D00190CF6 /* Other Frameworks */,
			);
			name = Frameworks;
			sourceTree = "<group>";
		};
		BF62B5CF15CB274D00190CF6 /* Other Frameworks */ = {
			isa = PBXGroup;
			children = (
				BF62B5D015CB274D00190CF6 /* AppKit.framework */,
				BF62B5D115CB274D00190CF6 /* CoreData.framework */,
				BF62B5D215CB274D00190CF6 /* Foundation.framework */,
			);
			name = "Other Frameworks";
			sourceTree = "<group>";
		};
		BF62B5D315CB274D00190CF6 /* EVE Skills */ = {
			isa = PBXGroup;
			children = (
				BF9A5D7D15F40B73001EA5D5 /* EVE Skills.entitlements */,
				BF4A829515DBEC69003AD68C /* VGAppNotifications.h */,
				BF62B5DF15CB274D00190CF6 /* VGAppDelegate.h */,
				BF62B5E015CB274D00190CF6 /* VGAppDelegate.m */,
				BF0A208815F395DA00156E83 /* Controllers */,
				BFDD80E115CC922A00116A65 /* API Call */,
				BFDD80E215CC924100116A65 /* Core Data */,
				BFDD80D015CC76A200116A65 /* UI */,
				BF0A208915F3961700156E83 /* Start at login */,
				BF6DAF8715F25F6B0044C6E8 /* Cocoa additions */,
				BF590EA715DBA4310036E10A /* Local DB */,
				BFDD80B115CC60F300116A65 /* Resources */,
				BF62B5D415CB274D00190CF6 /* Supporting Files */,
			);
			path = "EVE Skills";
			sourceTree = "<group>";
		};
		BF62B5D415CB274D00190CF6 /* Supporting Files */ = {
			isa = PBXGroup;
			children = (
				BF1B776015F3CD3B00906C67 /* about_icon.png */,
				BF1B776115F3CD3B00906C67 /* about_icon@2x.png */,
				BF1B776215F3CD3B00906C67 /* menu_bar_icon.png */,
				BF1B776315F3CD3B00906C67 /* menu_bar_icon@2x.png */,
				BF0A208E15F3AF7A00156E83 /* icon.icns */,
				BF1B774F15F3BEDF00906C67 /* APIHelp.rtf */,
				BF0A209915F3B5A000156E83 /* Credits.rtfd */,
				BF62B5D515CB274D00190CF6 /* EVE Skills-Info.plist */,
				BF62B5D615CB274D00190CF6 /* InfoPlist.strings */,
				BF62B5D915CB274D00190CF6 /* main.m */,
				BF62B5DB15CB274D00190CF6 /* EVE Skills-Prefix.pch */,
			);
			name = "Supporting Files";
			sourceTree = "<group>";
		};
		BF6DAF8715F25F6B0044C6E8 /* Cocoa additions */ = {
			isa = PBXGroup;
			children = (
				BF6DAF4A15F253420044C6E8 /* NSString+VGEVE.h */,
				BF6DAF4B15F253420044C6E8 /* NSString+VGEVE.m */,
			);
			name = "Cocoa additions";
			sourceTree = "<group>";
		};
		BFB6E37815E3BF9E004A9EE4 /* Views */ = {
			isa = PBXGroup;
			children = (
				BFADFD4315DD5801005D082D /* VGCharacterSkillQueueCellView.h */,
				BFADFD4415DD5801005D082D /* VGCharacterSkillQueueCellView.m */,
				BFB6E37415E3BC52004A9EE4 /* VGManagerTableCellView.h */,
				BFB6E37515E3BC52004A9EE4 /* VGManagerTableCellView.m */,
				BF3A2A1515E26DC8007EE82C /* VGCharacterTableCellView.h */,
				BF3A2A1615E26DC8007EE82C /* VGCharacterTableCellView.m */,
			);
			name = Views;
			sourceTree = "<group>";
		};
		BFDD80B115CC60F300116A65 /* Resources */ = {
			isa = PBXGroup;
			children = (
				BFC6D2D715E4D1B2008676BE /* skillStore.sqlite */,
				BF6DAF4115F1F8AC0044C6E8 /* Localizable.strings */,
			);
			name = Resources;
			sourceTree = "<group>";
		};
		BFDD80D015CC76A200116A65 /* UI */ = {
			isa = PBXGroup;
			children = (
				BF1B775215F3C24E00906C67 /* MainMenu.xib */,
				BF0A208A15F3963500156E83 /* Window */,
				BF590EA315DB97360036E10A /* View Controllers */,
				BFB6E37815E3BF9E004A9EE4 /* Views */,
			);
			name = UI;
			sourceTree = "<group>";
		};
		BFDD80DD15CC906F00116A65 /* Query parsers */ = {
			isa = PBXGroup;
			children = (
				BFDD80DE15CC909A00116A65 /* VGKeyInfoQuery.h */,
				BFDD80DF15CC909A00116A65 /* VGKeyInfoQuery.m */,
				BFADFD3D15DD3AF3005D082D /* VGSkillQueueQuery.h */,
				BFADFD3E15DD3AF3005D082D /* VGSkillQueueQuery.m */,
				BFC6D2DF15E4EB74008676BE /* VGCharacterInfoQuery.h */,
				BFC6D2E015E4EB75008676BE /* VGCharacterInfoQuery.m */,
			);
			name = "Query parsers";
			sourceTree = "<group>";
		};
		BFDD80E115CC922A00116A65 /* API Call */ = {
			isa = PBXGroup;
			children = (
				BFDD80D615CC804500116A65 /* VGAPICall.h */,
				BFDD80D715CC804500116A65 /* VGAPICall.m */,
				BFDD80DD15CC906F00116A65 /* Query parsers */,
			);
			name = "API Call";
			path = Shared;
			sourceTree = "<group>";
		};
		BFDD80E215CC924100116A65 /* Core Data */ = {
			isa = PBXGroup;
			children = (
				BFDD80B915CC728000116A65 /* DataModel.xcdatamodel */,
				BF0A208B15F3966600156E83 /* Managed objects */,
			);
			name = "Core Data";
			path = Shared;
			sourceTree = "<group>";
		};
/* End PBXGroup section */

/* Begin PBXNativeTarget section */
		BF62B5C815CB274D00190CF6 /* EVE Skills */ = {
			isa = PBXNativeTarget;
			buildConfigurationList = BF62B5E715CB274D00190CF6 /* Build configuration list for PBXNativeTarget "EVE Skills" */;
			buildPhases = (
				BF62B5C515CB274D00190CF6 /* Sources */,
				BF62B5C615CB274D00190CF6 /* Frameworks */,
				BF62B5C715CB274D00190CF6 /* Resources */,
			);
			buildRules = (
			);
			dependencies = (
			);
			name = "EVE Skills";
			productName = "EVE Skills";
			productReference = BF62B5C915CB274D00190CF6 /* EVE Skills.app */;
			productType = "com.apple.product-type.application";
		};
/* End PBXNativeTarget section */

/* Begin PBXProject section */
		BF62B5C015CB274D00190CF6 /* Project object */ = {
			isa = PBXProject;
			attributes = {
				CLASSPREFIX = VG;
				LastUpgradeCheck = 0440;
				ORGANIZATIONNAME = "Vincent Garrigues";
			};
			buildConfigurationList = BF62B5C315CB274D00190CF6 /* Build configuration list for PBXProject "EVE Skills" */;
			compatibilityVersion = "Xcode 3.2";
			developmentRegion = English;
			hasScannedForEncodings = 0;
			knownRegions = (
				en,
			);
			mainGroup = BF62B5BE15CB274D00190CF6;
			productRefGroup = BF62B5CA15CB274D00190CF6 /* Products */;
			projectDirPath = "";
			projectRoot = "";
			targets = (
				BF62B5C815CB274D00190CF6 /* EVE Skills */,
			);
		};
/* End PBXProject section */

/* Begin PBXResourcesBuildPhase section */
		BF62B5C715CB274D00190CF6 /* Resources */ = {
			isa = PBXResourcesBuildPhase;
			buildActionMask = 2147483647;
			files = (
				BF62B5D815CB274D00190CF6 /* InfoPlist.strings in Resources */,
				BFDD80D515CC76BA00116A65 /* VGManagerWindowController.xib in Resources */,
				BF4A829B15DBF742003AD68C /* VGSkillQueueViewController.xib in Resources */,
				BF3A2A0715E24209007EE82C /* VGSkillDetailViewController.xib in Resources */,
				BFC6D2D815E4D1B2008676BE /* skillStore.sqlite in Resources */,
				BF6DAF4215F1F8AC0044C6E8 /* Localizable.strings in Resources */,
				BF0A208D15F39A1E00156E83 /* README.md in Resources */,
				BF0A208F15F3AF7B00156E83 /* icon.icns in Resources */,
				BF0A209B15F3B5A000156E83 /* Credits.rtfd in Resources */,
				BF1B774E15F3BE8600906C67 /* VGHelpPopoverViewController.xib in Resources */,
				BF1B775115F3BEDF00906C67 /* APIHelp.rtf in Resources */,
				BF1B775315F3C24E00906C67 /* MainMenu.xib in Resources */,
				BF1B776415F3CD3B00906C67 /* about_icon.png in Resources */,
				BF1B776515F3CD3B00906C67 /* about_icon@2x.png in Resources */,
				BF1B776615F3CD3B00906C67 /* menu_bar_icon.png in Resources */,
				BF1B776715F3CD3B00906C67 /* menu_bar_icon@2x.png in Resources */,
				BF9A5D8215F46EC4001EA5D5 /* VGPreferencesWindowController.xib in Resources */,
			);
			runOnlyForDeploymentPostprocessing = 0;
		};
/* End PBXResourcesBuildPhase section */

/* Begin PBXSourcesBuildPhase section */
		BF62B5C515CB274D00190CF6 /* Sources */ = {
			isa = PBXSourcesBuildPhase;
			buildActionMask = 2147483647;
			files = (
				BF62B5DA15CB274D00190CF6 /* main.m in Sources */,
				BF62B5E115CB274D00190CF6 /* VGAppDelegate.m in Sources */,
				BFDD80BE15CC728000116A65 /* CoreDataController.m in Sources */,
				BFDD80BF15CC728000116A65 /* DataModel.xcdatamodel in Sources */,
				BFDD80C015CC728000116A65 /* Group.m in Sources */,
				BFDD80C115CC728000116A65 /* Skill.m in Sources */,
				BFDD80D415CC76BA00116A65 /* VGManagerWindowController.m in Sources */,
				BFDD80D815CC804500116A65 /* VGAPICall.m in Sources */,
				BFDD80DB15CC839500116A65 /* VGAPIController.m in Sources */,
				BFDD80E015CC909A00116A65 /* VGKeyInfoQuery.m in Sources */,
				BFDD80FB15CC929400116A65 /* API.m in Sources */,
				BF590E8C15DAAFC70036E10A /* VGSkillTree.m in Sources */,
				BF4A829A15DBF742003AD68C /* VGSkillQueueViewController.m in Sources */,
				BFADFD3915DD2F4F005D082D /* Queue+VGEVE.m in Sources */,
				BFADFD3C15DD2FCF005D082D /* QueueElement+VGEVE.m in Sources */,
				BFADFD3F15DD3AF3005D082D /* VGSkillQueueQuery.m in Sources */,
				BFADFD4515DD5801005D082D /* VGCharacterSkillQueueCellView.m in Sources */,
				BF3A2A0615E24209007EE82C /* VGSkillDetailViewController.m in Sources */,
				BF3A2A0A15E25AAC007EE82C /* QueueElement.m in Sources */,
				BF3A2A0D15E25AAD007EE82C /* Queue.m in Sources */,
				BF3A2A1715E26DC8007EE82C /* VGCharacterTableCellView.m in Sources */,
				BF3A2A1A15E28A53007EE82C /* VGUserNotificationController.m in Sources */,
				BFB6E37615E3BC52004A9EE4 /* VGManagerTableCellView.m in Sources */,
				BFC6D2DB15E4E362008676BE /* Corporation.m in Sources */,
				BFC6D2DE15E4E363008676BE /* Character.m in Sources */,
				BFC6D2E115E4EB75008676BE /* VGCharacterInfoQuery.m in Sources */,
				BF6DAF4C15F253430044C6E8 /* NSString+VGEVE.m in Sources */,
				BF0E77C815F3899C00234ABB /* VGLoginStart.m in Sources */,
				BF1B774D15F3BE8600906C67 /* VGHelpPopoverViewController.m in Sources */,
				BF9A5D8115F46EC4001EA5D5 /* VGPreferencesWindowController.m in Sources */,
			);
			runOnlyForDeploymentPostprocessing = 0;
		};
/* End PBXSourcesBuildPhase section */

/* Begin PBXVariantGroup section */
		BF0A209915F3B5A000156E83 /* Credits.rtfd */ = {
			isa = PBXVariantGroup;
			children = (
				BF0A209A15F3B5A000156E83 /* en */,
			);
			name = Credits.rtfd;
			sourceTree = "<group>";
		};
		BF1B774F15F3BEDF00906C67 /* APIHelp.rtf */ = {
			isa = PBXVariantGroup;
			children = (
				BF1B775015F3BEDF00906C67 /* en */,
			);
			name = APIHelp.rtf;
			sourceTree = "<group>";
		};
		BF62B5D615CB274D00190CF6 /* InfoPlist.strings */ = {
			isa = PBXVariantGroup;
			children = (
				BF62B5D715CB274D00190CF6 /* en */,
			);
			name = InfoPlist.strings;
			sourceTree = "<group>";
		};
/* End PBXVariantGroup section */

/* Begin XCBuildConfiguration section */
		BF62B5E515CB274D00190CF6 /* Debug */ = {
			isa = XCBuildConfiguration;
			buildSettings = {
				ALWAYS_SEARCH_USER_PATHS = NO;
				ARCHS = "$(ARCHS_STANDARD_64_BIT)";
				CLANG_CXX_LANGUAGE_STANDARD = "gnu++0x";
				CLANG_ENABLE_OBJC_ARC = YES;
				CLANG_WARN__DUPLICATE_METHOD_MATCH = YES;
				COPY_PHASE_STRIP = NO;
				GCC_C_LANGUAGE_STANDARD = gnu99;
				GCC_DYNAMIC_NO_PIC = NO;
				GCC_ENABLE_OBJC_EXCEPTIONS = YES;
				GCC_OPTIMIZATION_LEVEL = 0;
				GCC_PREPROCESSOR_DEFINITIONS = (
					"DEBUG=1",
					"$(inherited)",
				);
				GCC_SYMBOLS_PRIVATE_EXTERN = NO;
				GCC_WARN_64_TO_32_BIT_CONVERSION = YES;
				GCC_WARN_ABOUT_RETURN_TYPE = YES;
				GCC_WARN_UNINITIALIZED_AUTOS = YES;
				GCC_WARN_UNUSED_VARIABLE = YES;
				MACOSX_DEPLOYMENT_TARGET = 10.8;
				ONLY_ACTIVE_ARCH = YES;
				SDKROOT = macosx;
			};
			name = Debug;
		};
		BF62B5E615CB274D00190CF6 /* Release */ = {
			isa = XCBuildConfiguration;
			buildSettings = {
				ALWAYS_SEARCH_USER_PATHS = NO;
				ARCHS = "$(ARCHS_STANDARD_64_BIT)";
				CLANG_CXX_LANGUAGE_STANDARD = "gnu++0x";
				CLANG_ENABLE_OBJC_ARC = YES;
				CLANG_WARN__DUPLICATE_METHOD_MATCH = YES;
				COPY_PHASE_STRIP = YES;
				DEBUG_INFORMATION_FORMAT = "dwarf-with-dsym";
				GCC_C_LANGUAGE_STANDARD = gnu99;
				GCC_ENABLE_OBJC_EXCEPTIONS = YES;
				GCC_WARN_64_TO_32_BIT_CONVERSION = YES;
				GCC_WARN_ABOUT_RETURN_TYPE = YES;
				GCC_WARN_UNINITIALIZED_AUTOS = YES;
				GCC_WARN_UNUSED_VARIABLE = YES;
				MACOSX_DEPLOYMENT_TARGET = 10.8;
				SDKROOT = macosx;
			};
			name = Release;
		};
		BF62B5E815CB274D00190CF6 /* Debug */ = {
			isa = XCBuildConfiguration;
			buildSettings = {
				CODE_SIGN_ENTITLEMENTS = "EVE Skills/EVE Skills.entitlements";
				CODE_SIGN_IDENTITY = "Mac Developer";
				COMBINE_HIDPI_IMAGES = YES;
				GCC_PRECOMPILE_PREFIX_HEADER = YES;
				GCC_PREFIX_HEADER = "EVE Skills/EVE Skills-Prefix.pch";
				INFOPLIST_FILE = "EVE Skills/EVE Skills-Info.plist";
				PRODUCT_NAME = "$(TARGET_NAME)";
				PROVISIONING_PROFILE = "";
				WRAPPER_EXTENSION = app;
			};
			name = Debug;
		};
		BF62B5E915CB274D00190CF6 /* Release */ = {
			isa = XCBuildConfiguration;
			buildSettings = {
				CODE_SIGN_ENTITLEMENTS = "EVE Skills/EVE Skills.entitlements";
				CODE_SIGN_IDENTITY = "Mac Developer";
				COMBINE_HIDPI_IMAGES = YES;
				GCC_PRECOMPILE_PREFIX_HEADER = YES;
				GCC_PREFIX_HEADER = "EVE Skills/EVE Skills-Prefix.pch";
				INFOPLIST_FILE = "EVE Skills/EVE Skills-Info.plist";
				PRODUCT_NAME = "$(TARGET_NAME)";
				PROVISIONING_PROFILE = "";
				WRAPPER_EXTENSION = app;
			};
			name = Release;
		};
/* End XCBuildConfiguration section */

/* Begin XCConfigurationList section */
		BF62B5C315CB274D00190CF6 /* Build configuration list for PBXProject "EVE Skills" */ = {
			isa = XCConfigurationList;
			buildConfigurations = (
				BF62B5E515CB274D00190CF6 /* Debug */,
				BF62B5E615CB274D00190CF6 /* Release */,
			);
			defaultConfigurationIsVisible = 0;
			defaultConfigurationName = Release;
		};
		BF62B5E715CB274D00190CF6 /* Build configuration list for PBXNativeTarget "EVE Skills" */ = {
			isa = XCConfigurationList;
			buildConfigurations = (
				BF62B5E815CB274D00190CF6 /* Debug */,
				BF62B5E915CB274D00190CF6 /* Release */,
			);
			defaultConfigurationIsVisible = 0;
			defaultConfigurationName = Release;
		};
/* End XCConfigurationList section */
	};
	rootObject = BF62B5C015CB274D00190CF6 /* Project object */;
}
